
Microsoft Visual Studio Solution File, Format Version 12.00
# Visual Studio Version 17
VisualStudioVersion = 17.2.32526.322
MinimumVisualStudioVersion = 10.0.40219.1
Project("{8BC9CEB8-8B4A-11D0-8D11-00A0C91BC942}") = "Engine", "Engine\Engine.vcxproj", "{3D64DC47-6AFF-4483-98EC-13DA323A0A66}"
EndProject
Project("{8BC9CEB8-8B4A-11D0-8D11-00A0C91BC942}") = "FourierDrawing", "FourierDrawing\FourierDrawing.vcxproj", "{624616BA-8734-441E-BCFF-AF17F0795D4E}"
EndProject
Project("{8BC9CEB8-8B4A-11D0-8D11-00A0C91BC942}") = "Fireworks", "Fireworks\Fireworks.vcxproj", "{70F7B28B-93D3-4C74-91CE-6BFEEFE756FC}"
EndProject
Project("{8BC9CEB8-8B4A-11D0-8D11-00A0C91BC942}") = "DigitalRain", "DigitalRain\DigitalRain.vcxproj", "{4E60C483-7E7F-4539-B883-0E33618DFD29}"
EndProject
Project("{8BC9CEB8-8B4A-11D0-8D11-00A0C91BC942}") = "FluidSimulation", "FluidSimulation\FluidSimulation.vcxproj", "{12B0657A-6E17-417B-8429-1CBD91E53F8A}"
EndProject
Project("{8BC9CEB8-8B4A-11D0-8D11-00A0C91BC942}") = "ThomasStrangeAttractor", "ThomasStrangeAttractor\ThomasStrangeAttractor.vcxproj", "{290133B2-2F08-419E-883F-4378DC3C2A71}"
EndProject
Project("{8BC9CEB8-8B4A-11D0-8D11-00A0C91BC942}") = "DirectXEncode", "DirectXEncode\DirectXEncode.vcxproj", "{974F9A3A-002F-4176-8C0D-B9CF375C781B}"
EndProject
Project("{8BC9CEB8-8B4A-11D0-8D11-00A0C91BC942}") = "TimeTableCardioid", "TimeTableCardioid\TimeTableCardioid.vcxproj", "{90936AD4-AF3F-4573-8090-4532C3273734}"
EndProject
Project("{8BC9CEB8-8B4A-11D0-8D11-00A0C91BC942}") = "GargantuaBlackHole", "GargantuaBlackHole\GargantuaBlackHole.vcxproj", "{F2CD634F-E4AA-41DC-BE35-CADDA9BF8912}"
EndProject
Project("{8BC9CEB8-8B4A-11D0-8D11-00A0C91BC942}") = "3DModelTest", "3DModelTest\3DModelTest.vcxproj", "{D72A7B7A-3445-4432-8EAA-F819F521FF0C}"
EndProject
Global
	GlobalSection(SolutionConfigurationPlatforms) = preSolution
		Debug|x64 = Debug|x64
		Release|x64 = Release|x64
	EndGlobalSection
	GlobalSection(ProjectConfigurationPlatforms) = postSolution
		{3D64DC47-6AFF-4483-98EC-13DA323A0A66}.Debug|x64.ActiveCfg = Debug|x64
		{3D64DC47-6AFF-4483-98EC-13DA323A0A66}.Debug|x64.Build.0 = Debug|x64
		{3D64DC47-6AFF-4483-98EC-13DA323A0A66}.Release|x64.ActiveCfg = Release|x64
		{3D64DC47-6AFF-4483-98EC-13DA323A0A66}.Release|x64.Build.0 = Release|x64
		{624616BA-8734-441E-BCFF-AF17F0795D4E}.Debug|x64.ActiveCfg = Debug|x64
		{624616BA-8734-441E-BCFF-AF17F0795D4E}.Debug|x64.Build.0 = Debug|x64
		{624616BA-8734-441E-BCFF-AF17F0795D4E}.Release|x64.ActiveCfg = Release|x64
		{624616BA-8734-441E-BCFF-AF17F0795D4E}.Release|x64.Build.0 = Release|x64
		{70F7B28B-93D3-4C74-91CE-6BFEEFE756FC}.Debug|x64.ActiveCfg = Debug|x64
		{70F7B28B-93D3-4C74-91CE-6BFEEFE756FC}.Debug|x64.Build.0 = Debug|x64
		{70F7B28B-93D3-4C74-91CE-6BFEEFE756FC}.Release|x64.ActiveCfg = Release|x64
		{70F7B28B-93D3-4C74-91CE-6BFEEFE756FC}.Release|x64.Build.0 = Release|x64
		{4E60C483-7E7F-4539-B883-0E33618DFD29}.Debug|x64.ActiveCfg = Debug|x64
		{4E60C483-7E7F-4539-B883-0E33618DFD29}.Debug|x64.Build.0 = Debug|x64
		{4E60C483-7E7F-4539-B883-0E33618DFD29}.Release|x64.ActiveCfg = Release|x64
		{4E60C483-7E7F-4539-B883-0E33618DFD29}.Release|x64.Build.0 = Release|x64
		{12B0657A-6E17-417B-8429-1CBD91E53F8A}.Debug|x64.ActiveCfg = Debug|x64
		{12B0657A-6E17-417B-8429-1CBD91E53F8A}.Debug|x64.Build.0 = Debug|x64
		{12B0657A-6E17-417B-8429-1CBD91E53F8A}.Release|x64.ActiveCfg = Release|x64
		{12B0657A-6E17-417B-8429-1CBD91E53F8A}.Release|x64.Build.0 = Release|x64
		{290133B2-2F08-419E-883F-4378DC3C2A71}.Debug|x64.ActiveCfg = Debug|x64
		{290133B2-2F08-419E-883F-4378DC3C2A71}.Debug|x64.Build.0 = Debug|x64
		{290133B2-2F08-419E-883F-4378DC3C2A71}.Release|x64.ActiveCfg = Release|x64
		{290133B2-2F08-419E-883F-4378DC3C2A71}.Release|x64.Build.0 = Release|x64
		{974F9A3A-002F-4176-8C0D-B9CF375C781B}.Debug|x64.ActiveCfg = Debug|x64
		{974F9A3A-002F-4176-8C0D-B9CF375C781B}.Debug|x64.Build.0 = Debug|x64
		{974F9A3A-002F-4176-8C0D-B9CF375C781B}.Release|x64.ActiveCfg = Release|x64
		{974F9A3A-002F-4176-8C0D-B9CF375C781B}.Release|x64.Build.0 = Release|x64
		{90936AD4-AF3F-4573-8090-4532C3273734}.Debug|x64.ActiveCfg = Debug|x64
		{90936AD4-AF3F-4573-8090-4532C3273734}.Debug|x64.Build.0 = Debug|x64
		{90936AD4-AF3F-4573-8090-4532C3273734}.Release|x64.ActiveCfg = Release|x64
		{90936AD4-AF3F-4573-8090-4532C3273734}.Release|x64.Build.0 = Release|x64
		{F2CD634F-E4AA-41DC-BE35-CADDA9BF8912}.Debug|x64.ActiveCfg = Debug|x64
		{F2CD634F-E4AA-41DC-BE35-CADDA9BF8912}.Debug|x64.Build.0 = Debug|x64
		{F2CD634F-E4AA-41DC-BE35-CADDA9BF8912}.Release|x64.ActiveCfg = Release|x64
		{F2CD634F-E4AA-41DC-BE35-CADDA9BF8912}.Release|x64.Build.0 = Release|x64
		{D72A7B7A-3445-4432-8EAA-F819F521FF0C}.Debug|x64.ActiveCfg = Debug|x64
		{D72A7B7A-3445-4432-8EAA-F819F521FF0C}.Debug|x64.Build.0 = Debug|x64
		{D72A7B7A-3445-4432-8EAA-F819F521FF0C}.Release|x64.ActiveCfg = Release|x64
		{D72A7B7A-3445-4432-8EAA-F819F521FF0C}.Release|x64.Build.0 = Release|x64
	EndGlobalSection
	GlobalSection(SolutionProperties) = preSolution
		HideSolutionNode = FALSE
	EndGlobalSection
	GlobalSection(ExtensibilityGlobals) = postSolution
		SolutionGuid = {6B838A4F-EBA6-4E30-B1FA-49A4967857CA}
	EndGlobalSection
EndGlobal
