<?xml version="1.0" encoding="utf-8"?>
<Project ToolsVersion="4.0" xmlns="http://schemas.microsoft.com/developer/msbuild/2003">
  <ItemGroup>
    <Filter Include="源文件">
      <UniqueIdentifier>{4FC737F1-C7A5-4376-A066-2A32D752A2FF}</UniqueIdentifier>
      <Extensions>cpp;c;cc;cxx;c++;cppm;ixx;def;odl;idl;hpj;bat;asm;asmx</Extensions>
    </Filter>
    <Filter Include="头文件">
      <UniqueIdentifier>{93995380-89BD-4b04-88EB-625FBE52EBFB}</UniqueIdentifier>
      <Extensions>h;hh;hpp;hxx;h++;hm;inl;inc;ipp;xsd</Extensions>
    </Filter>
    <Filter Include="资源文件">
      <UniqueIdentifier>{67DA6AB6-F800-4c08-8B7A-83BB121AAD01}</UniqueIdentifier>
      <Extensions>rc;ico;cur;bmp;dlg;rc2;rct;bin;rgs;gif;jpg;jpeg;jpe;resx;tiff;tif;png;wav;mfcribbon-ms</Extensions>
    </Filter>
  </ItemGroup>
  <ItemGroup>
    <ClInclude Include="Inc\Aurora\Aurora.h">
      <Filter>头文件</Filter>
    </ClInclude>
    <ClInclude Include="Inc\Aurora\A2D\BitmapFont.h">
      <Filter>头文件</Filter>
    </ClInclude>
    <ClInclude Include="Inc\Aurora\Configuration.h">
      <Filter>头文件</Filter>
    </ClInclude>
    <ClInclude Include="Inc\Aurora\Event.h">
      <Filter>头文件</Filter>
    </ClInclude>
    <ClInclude Include="Inc\Aurora\Game.h">
      <Filter>头文件</Filter>
    </ClInclude>
    <ClInclude Include="Inc\Aurora\Graphics.h">
      <Filter>头文件</Filter>
    </ClInclude>
    <ClInclude Include="Inc\Aurora\Keyboard.h">
      <Filter>头文件</Filter>
    </ClInclude>
    <ClInclude Include="Inc\Aurora\Mouse.h">
      <Filter>头文件</Filter>
    </ClInclude>
    <ClInclude Include="Inc\Aurora\A2D\PrimitiveBatch.h">
      <Filter>头文件</Filter>
    </ClInclude>
    <ClInclude Include="Inc\Aurora\Random.h">
      <Filter>头文件</Filter>
    </ClInclude>
    <ClInclude Include="Inc\Aurora\Shader.h">
      <Filter>头文件</Filter>
    </ClInclude>
    <ClInclude Include="Inc\Aurora\A2D\SpriteBatch.h">
      <Filter>头文件</Filter>
    </ClInclude>
    <ClInclude Include="Inc\Aurora\DX\Resource\Texture2D.h">
      <Filter>头文件</Filter>
    </ClInclude>
    <ClInclude Include="Inc\Aurora\Timer.h">
      <Filter>头文件</Filter>
    </ClInclude>
    <ClInclude Include="Inc\Aurora\Utils.h">
      <Filter>头文件</Filter>
    </ClInclude>
    <ClInclude Include="Inc\Aurora\States.h">
      <Filter>头文件</Filter>
    </ClInclude>
    <ClInclude Include="Inc\Aurora\RenderTexture.h">
      <Filter>头文件</Filter>
    </ClInclude>
    <ClInclude Include="Inc\Aurora\DoubleRTV.h">
      <Filter>头文件</Filter>
    </ClInclude>
    <ClInclude Include="Inc\Aurora\Color.h">
      <Filter>头文件</Filter>
    </ClInclude>
    <ClInclude Include="Inc\Aurora\Math.h">
      <Filter>头文件</Filter>
    </ClInclude>
    <ClInclude Include="Inc\Aurora\ParticleSystem.h">
      <Filter>头文件</Filter>
    </ClInclude>
    <ClInclude Include="Inc\Aurora\VideoEncoder\NvidiaEncoder.h">
      <Filter>头文件</Filter>
    </ClInclude>
    <ClInclude Include="Inc\Aurora\DX\View\DepthStencilView.h">
      <Filter>头文件</Filter>
    </ClInclude>
    <ClInclude Include="Inc\Aurora\A3D\TextureCube.h">
      <Filter>头文件</Filter>
    </ClInclude>
    <ClInclude Include="Inc\Aurora\Wallpaper\WallpaperHelper.h">
      <Filter>头文件</Filter>
    </ClInclude>
    <ClInclude Include="Inc\Aurora\Camera.h">
      <Filter>头文件</Filter>
    </ClInclude>
    <ClInclude Include="Inc\Aurora\Renderer.h">
      <Filter>头文件</Filter>
    </ClInclude>
    <ClInclude Include="Inc\Aurora\A3D\FPSCamera.h">
      <Filter>头文件</Filter>
    </ClInclude>
    <ClInclude Include="Inc\Aurora\A3D\OrbitCamera.h">
      <Filter>头文件</Filter>
    </ClInclude>
    <ClInclude Include="Inc\Aurora\A3D\ShadowMap.h">
      <Filter>头文件</Filter>
    </ClInclude>
    <ClInclude Include="Inc\Aurora\DX\Resource\Buffer.h">
      <Filter>头文件</Filter>
    </ClInclude>
    <ClInclude Include="Inc\Aurora\RCTexture.h">
      <Filter>头文件</Filter>
    </ClInclude>
    <ClInclude Include="Inc\Aurora\A2D\GameSceneManager.h">
      <Filter>头文件</Filter>
    </ClInclude>
    <ClInclude Include="Inc\Aurora\A3D\CascadedShadowMap.h">
      <Filter>头文件</Filter>
    </ClInclude>
    <ClInclude Include="Inc\Aurora\ComputeTexture.h">
      <Filter>头文件</Filter>
    </ClInclude>
    <ClInclude Include="Inc\Aurora\DX\View\ShaderResourceView.h">
      <Filter>头文件</Filter>
    </ClInclude>
    <ClInclude Include="Inc\Aurora\DX\View\UnorderedAccessView.h">
      <Filter>头文件</Filter>
    </ClInclude>
    <ClInclude Include="Inc\Aurora\DX\View\RenderTargetView.h">
      <Filter>头文件</Filter>
    </ClInclude>
    <ClInclude Include="Inc\Aurora\ResourceTexture.h">
      <Filter>头文件</Filter>
    </ClInclude>
    <ClInclude Include="Inc\Aurora\ComputeBuffer.h">
      <Filter>头文件</Filter>
    </ClInclude>
    <ClInclude Include="Inc\Aurora\DX\View\RSView.h">
      <Filter>头文件</Filter>
    </ClInclude>
    <ClInclude Include="Inc\Aurora\DX\View\USView.h">
      <Filter>头文件</Filter>
    </ClInclude>
    <ClInclude Include="Inc\Aurora\DX\View\RUSView.h">
      <Filter>头文件</Filter>
    </ClInclude>
    <ClInclude Include="Inc\Aurora\ResManager.h">
      <Filter>头文件</Filter>
    </ClInclude>
    <ClInclude Include="Inc\Aurora\RenderAPI.h">
      <Filter>头文件</Filter>
    </ClInclude>
    <ClInclude Include="Inc\Aurora\PostProcessing\BloomEffect.h">
      <Filter>头文件</Filter>
    </ClInclude>
    <ClInclude Include="Inc\Aurora\PostProcessing\EffectBase.h">
      <Filter>头文件</Filter>
    </ClInclude>
    <ClInclude Include="Inc\Aurora\PostProcessing\FadeEffect.h">
      <Filter>头文件</Filter>
    </ClInclude>
    <ClInclude Include="Inc\Aurora\PostProcessing\HBAOEffect.h">
      <Filter>头文件</Filter>
    </ClInclude>
    <ClInclude Include="Inc\Aurora\DX\Resource\Texture3D.h">
      <Filter>头文件</Filter>
    </ClInclude>
    <ClInclude Include="Inc\Aurora\ComputeTexture3D.h">
      <Filter>头文件</Filter>
    </ClInclude>
  </ItemGroup>
  <ItemGroup>
    <ClCompile Include="Src\Aurora\Aurora.cpp">
      <Filter>源文件</Filter>
    </ClCompile>
    <ClCompile Include="Src\Aurora\A2D\BitmapFont.cpp">
      <Filter>源文件</Filter>
    </ClCompile>
    <ClCompile Include="Src\Aurora\Configuration.cpp">
      <Filter>源文件</Filter>
    </ClCompile>
    <ClCompile Include="Src\Aurora\Event.cpp">
      <Filter>源文件</Filter>
    </ClCompile>
    <ClCompile Include="Src\Aurora\Graphics.cpp">
      <Filter>源文件</Filter>
    </ClCompile>
    <ClCompile Include="Src\Aurora\Keyboard.cpp">
      <Filter>源文件</Filter>
    </ClCompile>
    <ClCompile Include="Src\Aurora\Mouse.cpp">
      <Filter>源文件</Filter>
    </ClCompile>
    <ClCompile Include="Src\Aurora\A2D\PrimitiveBatch.cpp">
      <Filter>源文件</Filter>
    </ClCompile>
    <ClCompile Include="Src\Aurora\Random.cpp">
      <Filter>源文件</Filter>
    </ClCompile>
    <ClCompile Include="Src\Aurora\Shader.cpp">
      <Filter>源文件</Filter>
    </ClCompile>
    <ClCompile Include="Src\Aurora\A2D\SpriteBatch.cpp">
      <Filter>源文件</Filter>
    </ClCompile>
    <ClCompile Include="Src\Aurora\DX\Resource\Texture2D.cpp">
      <Filter>源文件</Filter>
    </ClCompile>
    <ClCompile Include="Src\Aurora\Timer.cpp">
      <Filter>源文件</Filter>
    </ClCompile>
    <ClCompile Include="Src\Aurora\Utils.cpp">
      <Filter>源文件</Filter>
    </ClCompile>
    <ClCompile Include="Src\Aurora\States.cpp">
      <Filter>源文件</Filter>
    </ClCompile>
    <ClCompile Include="Src\Aurora\RenderTexture.cpp">
      <Filter>源文件</Filter>
    </ClCompile>
    <ClCompile Include="Src\Aurora\DoubleRTV.cpp">
      <Filter>源文件</Filter>
    </ClCompile>
    <ClCompile Include="Src\Aurora\Color.cpp">
      <Filter>源文件</Filter>
    </ClCompile>
    <ClCompile Include="Src\Aurora\VideoEncoder\NvidiaEncoder.cpp">
      <Filter>源文件</Filter>
    </ClCompile>
    <ClCompile Include="Src\Aurora\DX\View\DepthStencilView.cpp">
      <Filter>源文件</Filter>
    </ClCompile>
    <ClCompile Include="Src\Aurora\Math.cpp">
      <Filter>源文件</Filter>
    </ClCompile>
    <ClCompile Include="Src\Aurora\stb_image.cpp">
      <Filter>源文件</Filter>
    </ClCompile>
    <ClCompile Include="Src\Aurora\Wallpaper\WallpaperHelper.cpp">
      <Filter>源文件</Filter>
    </ClCompile>
    <ClCompile Include="Src\Aurora\Camera.cpp">
      <Filter>源文件</Filter>
    </ClCompile>
    <ClCompile Include="Src\Aurora\DDSTextureLoader11.cpp">
      <Filter>源文件</Filter>
    </ClCompile>
    <ClCompile Include="Src\Aurora\A3D\TextureCube.cpp">
      <Filter>源文件</Filter>
    </ClCompile>
    <ClCompile Include="Src\Aurora\Renderer.cpp">
      <Filter>源文件</Filter>
    </ClCompile>
    <ClCompile Include="Src\Aurora\A3D\FPSCamera.cpp">
      <Filter>源文件</Filter>
    </ClCompile>
    <ClCompile Include="Src\Aurora\A3D\OrbitCamera.cpp">
      <Filter>源文件</Filter>
    </ClCompile>
    <ClCompile Include="Src\Aurora\A3D\ShadowMap.cpp">
      <Filter>源文件</Filter>
    </ClCompile>
    <ClCompile Include="Src\Aurora\DX\Resource\Buffer.cpp">
      <Filter>源文件</Filter>
    </ClCompile>
    <ClCompile Include="Src\Aurora\RCTexture.cpp">
      <Filter>源文件</Filter>
    </ClCompile>
    <ClCompile Include="Src\Aurora\A2D\GameSceneManager.cpp">
      <Filter>源文件</Filter>
    </ClCompile>
    <ClCompile Include="Src\Aurora\A3D\CascadedShadowMap.cpp">
      <Filter>源文件</Filter>
    </ClCompile>
    <ClCompile Include="Src\Aurora\ComputeTexture.cpp">
      <Filter>源文件</Filter>
    </ClCompile>
    <ClCompile Include="Src\Aurora\DX\View\ShaderResourceView.cpp">
      <Filter>源文件</Filter>
    </ClCompile>
    <ClCompile Include="Src\Aurora\DX\View\UnorderedAccessView.cpp">
      <Filter>源文件</Filter>
    </ClCompile>
    <ClCompile Include="Src\Aurora\ResManager.cpp">
      <Filter>源文件</Filter>
    </ClCompile>
    <ClCompile Include="Src\Aurora\DX\View\RenderTargetView.cpp">
      <Filter>源文件</Filter>
    </ClCompile>
    <ClCompile Include="Src\Aurora\ResourceTexture.cpp">
      <Filter>源文件</Filter>
    </ClCompile>
    <ClCompile Include="Src\Aurora\ComputeBuffer.cpp">
      <Filter>源文件</Filter>
    </ClCompile>
    <ClCompile Include="Src\Aurora\DX\View\RSView.cpp">
      <Filter>源文件</Filter>
    </ClCompile>
    <ClCompile Include="Src\Aurora\DX\View\USView.cpp">
      <Filter>源文件</Filter>
    </ClCompile>
    <ClCompile Include="Src\Aurora\DX\View\RUSView.cpp">
      <Filter>源文件</Filter>
    </ClCompile>
    <ClCompile Include="Src\Aurora\RenderAPI.cpp">
      <Filter>源文件</Filter>
    </ClCompile>
    <ClCompile Include="Src\Aurora\PostProcessing\EffectBase.cpp">
      <Filter>源文件</Filter>
    </ClCompile>
    <ClCompile Include="Src\Aurora\PostProcessing\BloomEffect.cpp">
      <Filter>源文件</Filter>
    </ClCompile>
    <ClCompile Include="Src\Aurora\PostProcessing\FadeEffect.cpp">
      <Filter>源文件</Filter>
    </ClCompile>
    <ClCompile Include="Src\Aurora\PostProcessing\HBAOEffect.cpp">
      <Filter>源文件</Filter>
    </ClCompile>
    <ClCompile Include="Src\Aurora\DX\Resource\Texture3D.cpp">
      <Filter>源文件</Filter>
    </ClCompile>
    <ClCompile Include="Src\Aurora\ComputeTexture3D.cpp">
      <Filter>源文件</Filter>
    </ClCompile>
  </ItemGroup>
</Project>