<?xml version="1.0" encoding="utf-8"?>
<Project ToolsVersion="4.0" xmlns="http://schemas.microsoft.com/developer/msbuild/2003">
  <ItemGroup>
    <Filter Include="源文件">
      <UniqueIdentifier>{4FC737F1-C7A5-4376-A066-2A32D752A2FF}</UniqueIdentifier>
      <Extensions>cpp;c;cc;cxx;c++;cppm;ixx;def;odl;idl;hpj;bat;asm;asmx</Extensions>
    </Filter>
    <Filter Include="头文件">
      <UniqueIdentifier>{93995380-89BD-4b04-88EB-625FBE52EBFB}</UniqueIdentifier>
      <Extensions>h;hh;hpp;hxx;h++;hm;inl;inc;ipp;xsd</Extensions>
    </Filter>
    <Filter Include="资源文件">
      <UniqueIdentifier>{67DA6AB6-F800-4c08-8B7A-83BB121AAD01}</UniqueIdentifier>
      <Extensions>rc;ico;cur;bmp;dlg;rc2;rct;bin;rgs;gif;jpg;jpeg;jpe;resx;tiff;tif;png;wav;mfcribbon-ms</Extensions>
    </Filter>
  </ItemGroup>
  <ItemGroup>
    <ClInclude Include="Inc\Aurora\Aurora.h">
      <Filter>头文件</Filter>
    </ClInclude>
    <ClInclude Include="Inc\Aurora\Configuration.h">
      <Filter>头文件</Filter>
    </ClInclude>
    <ClInclude Include="Inc\Aurora\Input\Event.h">
      <Filter>头文件</Filter>
    </ClInclude>
    <ClInclude Include="Inc\Aurora\Game.h">
      <Filter>头文件</Filter>
    </ClInclude>
    <ClInclude Include="Inc\Aurora\EngineAPI\Graphics.h">
      <Filter>头文件</Filter>
    </ClInclude>
    <ClInclude Include="Inc\Aurora\Input\Keyboard.h">
      <Filter>头文件</Filter>
    </ClInclude>
    <ClInclude Include="Inc\Aurora\Input\Mouse.h">
      <Filter>头文件</Filter>
    </ClInclude>
    <ClInclude Include="Inc\Aurora\Core\PrimitiveBatch.h">
      <Filter>头文件</Filter>
    </ClInclude>
    <ClInclude Include="Inc\Aurora\Utils\Random.h">
      <Filter>头文件</Filter>
    </ClInclude>
    <ClInclude Include="Inc\Aurora\Core\Shader.h">
      <Filter>头文件</Filter>
    </ClInclude>
    <ClInclude Include="Inc\Aurora\Core\DX\Resource\Texture2D.h">
      <Filter>头文件</Filter>
    </ClInclude>
    <ClInclude Include="Inc\Aurora\Utils\Timer.h">
      <Filter>头文件</Filter>
    </ClInclude>
    <ClInclude Include="Inc\Aurora\Utils\Utils.h">
      <Filter>头文件</Filter>
    </ClInclude>
    <ClInclude Include="Inc\Aurora\EngineAPI\States.h">
      <Filter>头文件</Filter>
    </ClInclude>
    <ClInclude Include="Inc\Aurora\Resource\RenderTexture.h">
      <Filter>头文件</Filter>
    </ClInclude>
    <ClInclude Include="Inc\Aurora\Utils\Color.h">
      <Filter>头文件</Filter>
    </ClInclude>
    <ClInclude Include="Inc\Aurora\Utils\Math.h">
      <Filter>头文件</Filter>
    </ClInclude>
    <ClInclude Include="Inc\Aurora\Core\ParticleSystem.h">
      <Filter>头文件</Filter>
    </ClInclude>
    <ClInclude Include="Inc\Aurora\VideoEncoder\NvidiaEncoder.h">
      <Filter>头文件</Filter>
    </ClInclude>
    <ClInclude Include="Inc\Aurora\Core\DX\View\DepthStencilView.h">
      <Filter>头文件</Filter>
    </ClInclude>
    <ClInclude Include="Inc\Aurora\Resource\TextureCube.h">
      <Filter>头文件</Filter>
    </ClInclude>
    <ClInclude Include="Inc\Aurora\Wallpaper\WallpaperHelper.h">
      <Filter>头文件</Filter>
    </ClInclude>
    <ClInclude Include="Inc\Aurora\EngineAPI\Camera.h">
      <Filter>头文件</Filter>
    </ClInclude>
    <ClInclude Include="Inc\Aurora\Core\Renderer.h">
      <Filter>头文件</Filter>
    </ClInclude>
    <ClInclude Include="Inc\Aurora\Camera\FPSCamera.h">
      <Filter>头文件</Filter>
    </ClInclude>
    <ClInclude Include="Inc\Aurora\Camera\OrbitCamera.h">
      <Filter>头文件</Filter>
    </ClInclude>
    <ClInclude Include="Inc\Aurora\Core\DX\Resource\Buffer.h">
      <Filter>头文件</Filter>
    </ClInclude>
    <ClInclude Include="Inc\Aurora\Resource\RenderComputeTexture.h">
      <Filter>头文件</Filter>
    </ClInclude>
    <ClInclude Include="Inc\Aurora\Resource\ComputeTexture.h">
      <Filter>头文件</Filter>
    </ClInclude>
    <ClInclude Include="Inc\Aurora\Core\DX\View\ShaderResourceView.h">
      <Filter>头文件</Filter>
    </ClInclude>
    <ClInclude Include="Inc\Aurora\Core\DX\View\UnorderedAccessView.h">
      <Filter>头文件</Filter>
    </ClInclude>
    <ClInclude Include="Inc\Aurora\Core\DX\View\RenderTargetView.h">
      <Filter>头文件</Filter>
    </ClInclude>
    <ClInclude Include="Inc\Aurora\Resource\ResourceTexture.h">
      <Filter>头文件</Filter>
    </ClInclude>
    <ClInclude Include="Inc\Aurora\Resource\ComputeVertexBuffer.h">
      <Filter>头文件</Filter>
    </ClInclude>
    <ClInclude Include="Inc\Aurora\Core\DX\View\Composition\RSView.h">
      <Filter>头文件</Filter>
    </ClInclude>
    <ClInclude Include="Inc\Aurora\Core\DX\View\Composition\USView.h">
      <Filter>头文件</Filter>
    </ClInclude>
    <ClInclude Include="Inc\Aurora\Core\DX\View\Composition\RUSView.h">
      <Filter>头文件</Filter>
    </ClInclude>
    <ClInclude Include="Inc\Aurora\EngineAPI\RenderAPI.h">
      <Filter>头文件</Filter>
    </ClInclude>
    <ClInclude Include="Inc\Aurora\Effect\BloomEffect.h">
      <Filter>头文件</Filter>
    </ClInclude>
    <ClInclude Include="Inc\Aurora\Effect\EffectBase.h">
      <Filter>头文件</Filter>
    </ClInclude>
    <ClInclude Include="Inc\Aurora\Effect\FadeEffect.h">
      <Filter>头文件</Filter>
    </ClInclude>
    <ClInclude Include="Inc\Aurora\Effect\HBAOEffect.h">
      <Filter>头文件</Filter>
    </ClInclude>
    <ClInclude Include="Inc\Aurora\Core\DX\Resource\Texture3D.h">
      <Filter>头文件</Filter>
    </ClInclude>
    <ClInclude Include="Inc\Aurora\Resource\ComputeTexture3D.h">
      <Filter>头文件</Filter>
    </ClInclude>
    <ClInclude Include="Inc\Aurora\Effect\MotionBlurEffect.h">
      <Filter>头文件</Filter>
    </ClInclude>
    <ClInclude Include="Inc\Aurora\Resource\StructuredBuffer.h">
      <Filter>头文件</Filter>
    </ClInclude>
    <ClInclude Include="Inc\Aurora\Resource\RenderCube.h">
      <Filter>头文件</Filter>
    </ClInclude>
    <ClInclude Include="Inc\Aurora\Resource\DepthTexture.h">
      <Filter>头文件</Filter>
    </ClInclude>
    <ClInclude Include="Inc\Aurora\Resource\ResDepthTexture.h">
      <Filter>头文件</Filter>
    </ClInclude>
    <ClInclude Include="Inc\Aurora\Resource\DepthCube.h">
      <Filter>头文件</Filter>
    </ClInclude>
    <ClInclude Include="Inc\Aurora\Effect\FXAAEffect.h">
      <Filter>头文件</Filter>
    </ClInclude>
    <ClInclude Include="Inc\Aurora\Core\DX\Resource\Resource.h">
      <Filter>头文件</Filter>
    </ClInclude>
    <ClInclude Include="Inc\Aurora\Window\Win32Form.h">
      <Filter>头文件</Filter>
    </ClInclude>
    <ClInclude Include="Inc\Aurora\Resource\ConstantBuffer.h">
      <Filter>头文件</Filter>
    </ClInclude>
    <ClInclude Include="Inc\Aurora\EngineAPI\ResourceEssential.h">
      <Filter>头文件</Filter>
    </ClInclude>
    <ClInclude Include="External\DDSTextureLoader\DDSTextureLoader11.h">
      <Filter>头文件</Filter>
    </ClInclude>
    <ClInclude Include="External\ImGUI\imconfig.h">
      <Filter>头文件</Filter>
    </ClInclude>
    <ClInclude Include="External\ImGUI\imgui.h">
      <Filter>头文件</Filter>
    </ClInclude>
    <ClInclude Include="External\ImGUI\imgui_impl_dx11.h">
      <Filter>头文件</Filter>
    </ClInclude>
    <ClInclude Include="External\ImGUI\imgui_impl_win32.h">
      <Filter>头文件</Filter>
    </ClInclude>
    <ClInclude Include="External\ImGUI\imgui_internal.h">
      <Filter>头文件</Filter>
    </ClInclude>
    <ClInclude Include="External\ImGUI\imstb_rectpack.h">
      <Filter>头文件</Filter>
    </ClInclude>
    <ClInclude Include="External\ImGUI\imstb_textedit.h">
      <Filter>头文件</Filter>
    </ClInclude>
    <ClInclude Include="External\ImGUI\imstb_truetype.h">
      <Filter>头文件</Filter>
    </ClInclude>
    <ClInclude Include="External\stb_image\stb_image.h">
      <Filter>头文件</Filter>
    </ClInclude>
    <ClInclude Include="Inc\Aurora\Resource\VertexBuffer.h">
      <Filter>头文件</Filter>
    </ClInclude>
    <ClInclude Include="Inc\Aurora\Resource\SwapTexture.h">
      <Filter>头文件</Filter>
    </ClInclude>
    <ClInclude Include="Inc\Aurora\Resource\ResourceBuffer.h">
      <Filter>头文件</Filter>
    </ClInclude>
    <ClInclude Include="Inc\Aurora\Core\ResourceFormat.h">
      <Filter>头文件</Filter>
    </ClInclude>
  </ItemGroup>
  <ItemGroup>
    <ClCompile Include="Src\Aurora\Aurora.cpp">
      <Filter>源文件</Filter>
    </ClCompile>
    <ClCompile Include="Src\Aurora\Configuration.cpp">
      <Filter>源文件</Filter>
    </ClCompile>
    <ClCompile Include="Src\Aurora\Input\Event.cpp">
      <Filter>源文件</Filter>
    </ClCompile>
    <ClCompile Include="Src\Aurora\EngineAPI\Graphics.cpp">
      <Filter>源文件</Filter>
    </ClCompile>
    <ClCompile Include="Src\Aurora\Input\Keyboard.cpp">
      <Filter>源文件</Filter>
    </ClCompile>
    <ClCompile Include="Src\Aurora\Input\Mouse.cpp">
      <Filter>源文件</Filter>
    </ClCompile>
    <ClCompile Include="Src\Aurora\Core\PrimitiveBatch.cpp">
      <Filter>源文件</Filter>
    </ClCompile>
    <ClCompile Include="Src\Aurora\Utils\Random.cpp">
      <Filter>源文件</Filter>
    </ClCompile>
    <ClCompile Include="Src\Aurora\Core\Shader.cpp">
      <Filter>源文件</Filter>
    </ClCompile>
    <ClCompile Include="Src\Aurora\Core\DX\Resource\Texture2D.cpp">
      <Filter>源文件</Filter>
    </ClCompile>
    <ClCompile Include="Src\Aurora\Utils\Timer.cpp">
      <Filter>源文件</Filter>
    </ClCompile>
    <ClCompile Include="Src\Aurora\Utils\Utils.cpp">
      <Filter>源文件</Filter>
    </ClCompile>
    <ClCompile Include="Src\Aurora\EngineAPI\States.cpp">
      <Filter>源文件</Filter>
    </ClCompile>
    <ClCompile Include="Src\Aurora\Resource\RenderTexture.cpp">
      <Filter>源文件</Filter>
    </ClCompile>
    <ClCompile Include="Src\Aurora\Utils\Color.cpp">
      <Filter>源文件</Filter>
    </ClCompile>
    <ClCompile Include="Src\Aurora\VideoEncoder\NvidiaEncoder.cpp">
      <Filter>源文件</Filter>
    </ClCompile>
    <ClCompile Include="Src\Aurora\Core\DX\View\DepthStencilView.cpp">
      <Filter>源文件</Filter>
    </ClCompile>
    <ClCompile Include="Src\Aurora\Utils\Math.cpp">
      <Filter>源文件</Filter>
    </ClCompile>
    <ClCompile Include="Src\Aurora\Wallpaper\WallpaperHelper.cpp">
      <Filter>源文件</Filter>
    </ClCompile>
    <ClCompile Include="Src\Aurora\EngineAPI\Camera.cpp">
      <Filter>源文件</Filter>
    </ClCompile>
    <ClCompile Include="Src\Aurora\Resource\TextureCube.cpp">
      <Filter>源文件</Filter>
    </ClCompile>
    <ClCompile Include="Src\Aurora\Core\Renderer.cpp">
      <Filter>源文件</Filter>
    </ClCompile>
    <ClCompile Include="Src\Aurora\Camera\FPSCamera.cpp">
      <Filter>源文件</Filter>
    </ClCompile>
    <ClCompile Include="Src\Aurora\Camera\OrbitCamera.cpp">
      <Filter>源文件</Filter>
    </ClCompile>
    <ClCompile Include="Src\Aurora\Core\DX\Resource\Buffer.cpp">
      <Filter>源文件</Filter>
    </ClCompile>
    <ClCompile Include="Src\Aurora\Resource\RenderComputeTexture.cpp">
      <Filter>源文件</Filter>
    </ClCompile>
    <ClCompile Include="Src\Aurora\Resource\ComputeTexture.cpp">
      <Filter>源文件</Filter>
    </ClCompile>
    <ClCompile Include="Src\Aurora\Core\DX\View\ShaderResourceView.cpp">
      <Filter>源文件</Filter>
    </ClCompile>
    <ClCompile Include="Src\Aurora\Core\DX\View\UnorderedAccessView.cpp">
      <Filter>源文件</Filter>
    </ClCompile>
    <ClCompile Include="Src\Aurora\Core\DX\View\RenderTargetView.cpp">
      <Filter>源文件</Filter>
    </ClCompile>
    <ClCompile Include="Src\Aurora\Resource\ResourceTexture.cpp">
      <Filter>源文件</Filter>
    </ClCompile>
    <ClCompile Include="Src\Aurora\Resource\ComputeVertexBuffer.cpp">
      <Filter>源文件</Filter>
    </ClCompile>
    <ClCompile Include="Src\Aurora\Core\DX\View\Composition\RSView.cpp">
      <Filter>源文件</Filter>
    </ClCompile>
    <ClCompile Include="Src\Aurora\Core\DX\View\Composition\USView.cpp">
      <Filter>源文件</Filter>
    </ClCompile>
    <ClCompile Include="Src\Aurora\Core\DX\View\Composition\RUSView.cpp">
      <Filter>源文件</Filter>
    </ClCompile>
    <ClCompile Include="Src\Aurora\EngineAPI\RenderAPI.cpp">
      <Filter>源文件</Filter>
    </ClCompile>
    <ClCompile Include="Src\Aurora\Effect\EffectBase.cpp">
      <Filter>源文件</Filter>
    </ClCompile>
    <ClCompile Include="Src\Aurora\Effect\BloomEffect.cpp">
      <Filter>源文件</Filter>
    </ClCompile>
    <ClCompile Include="Src\Aurora\Effect\FadeEffect.cpp">
      <Filter>源文件</Filter>
    </ClCompile>
    <ClCompile Include="Src\Aurora\Effect\HBAOEffect.cpp">
      <Filter>源文件</Filter>
    </ClCompile>
    <ClCompile Include="Src\Aurora\Core\DX\Resource\Texture3D.cpp">
      <Filter>源文件</Filter>
    </ClCompile>
    <ClCompile Include="Src\Aurora\Resource\ComputeTexture3D.cpp">
      <Filter>源文件</Filter>
    </ClCompile>
    <ClCompile Include="Src\Aurora\Effect\MotionBlurEffect.cpp">
      <Filter>源文件</Filter>
    </ClCompile>
    <ClCompile Include="Src\Aurora\Resource\RenderCube.cpp">
      <Filter>源文件</Filter>
    </ClCompile>
    <ClCompile Include="Src\Aurora\Resource\DepthTexture.cpp">
      <Filter>源文件</Filter>
    </ClCompile>
    <ClCompile Include="Src\Aurora\Resource\ResDepthTexture.cpp">
      <Filter>源文件</Filter>
    </ClCompile>
    <ClCompile Include="Src\Aurora\Resource\DepthCube.cpp">
      <Filter>源文件</Filter>
    </ClCompile>
    <ClCompile Include="Src\Aurora\Effect\FXAAEffect.cpp">
      <Filter>源文件</Filter>
    </ClCompile>
    <ClCompile Include="Src\Aurora\Window\Win32Form.cpp">
      <Filter>源文件</Filter>
    </ClCompile>
    <ClCompile Include="Src\Aurora\Resource\ConstantBuffer.cpp">
      <Filter>源文件</Filter>
    </ClCompile>
    <ClCompile Include="External\DDSTextureLoader\DDSTextureLoader11.cpp">
      <Filter>源文件</Filter>
    </ClCompile>
    <ClCompile Include="External\ImGUI\imgui.cpp">
      <Filter>源文件</Filter>
    </ClCompile>
    <ClCompile Include="External\ImGUI\imgui_demo.cpp">
      <Filter>源文件</Filter>
    </ClCompile>
    <ClCompile Include="External\ImGUI\imgui_draw.cpp">
      <Filter>源文件</Filter>
    </ClCompile>
    <ClCompile Include="External\ImGUI\imgui_impl_dx11.cpp">
      <Filter>源文件</Filter>
    </ClCompile>
    <ClCompile Include="External\ImGUI\imgui_impl_win32.cpp">
      <Filter>源文件</Filter>
    </ClCompile>
    <ClCompile Include="External\ImGUI\imgui_tables.cpp">
      <Filter>源文件</Filter>
    </ClCompile>
    <ClCompile Include="External\ImGUI\imgui_widgets.cpp">
      <Filter>源文件</Filter>
    </ClCompile>
    <ClCompile Include="External\stb_image\stb_image.cpp">
      <Filter>源文件</Filter>
    </ClCompile>
    <ClCompile Include="Src\Aurora\Resource\VertexBuffer.cpp">
      <Filter>源文件</Filter>
    </ClCompile>
    <ClCompile Include="Src\Aurora\Resource\StructuredBuffer.cpp">
      <Filter>源文件</Filter>
    </ClCompile>
    <ClCompile Include="Src\Aurora\Resource\ResourceBuffer.cpp">
      <Filter>源文件</Filter>
    </ClCompile>
    <ClCompile Include="Src\Aurora\Core\ResourceFormat.cpp">
      <Filter>源文件</Filter>
    </ClCompile>
  </ItemGroup>
  <ItemGroup>
    <FxCompile Include="Shaders\Bloom\BloomFilterPS.hlsl" />
    <FxCompile Include="Shaders\Bloom\BloomFinalPS.hlsl" />
    <FxCompile Include="Shaders\Bloom\BloomHBlurCS.hlsl" />
    <FxCompile Include="Shaders\Bloom\BloomVBlurCS.hlsl" />
    <FxCompile Include="Shaders\FullScreen\FullScreenVS.hlsl" />
    <FxCompile Include="Shaders\FullScreen\FullScreenPS.hlsl" />
    <FxCompile Include="Shaders\Fade\FadePS.hlsl" />
    <FxCompile Include="Shaders\Shadow\ShadowVS.hlsl" />
    <FxCompile Include="Shaders\TextureCube\SkyboxVS.hlsl" />
    <FxCompile Include="Shaders\TextureCube\EquirectangularVS.hlsl" />
    <FxCompile Include="Shaders\TextureCube\EquirectangularPS.hlsl" />
    <FxCompile Include="Shaders\PrimitiveBatch\PrimitiveBatchLineVS.hlsl" />
    <FxCompile Include="Shaders\PrimitiveBatch\PrimitiveBatchCircleVS.hlsl" />
    <FxCompile Include="Shaders\PrimitiveBatch\PrimitiveBatchRCLineVS.hlsl" />
    <FxCompile Include="Shaders\PrimitiveBatch\PrimitiveBatchPS.hlsl" />
    <FxCompile Include="Shaders\PrimitiveBatch\PrimitiveBatchLineGS.hlsl" />
    <FxCompile Include="Shaders\PrimitiveBatch\PrimitiveBatchRCLineGS.hlsl" />
    <FxCompile Include="Shaders\SpriteBatch\SpriteBatchSpriteVS.hlsl" />
    <FxCompile Include="Shaders\SpriteBatch\SpriteBatchTextVS.hlsl" />
    <FxCompile Include="Shaders\SpriteBatch\SpriteBatchSpritePS.hlsl" />
    <FxCompile Include="Shaders\SpriteBatch\SpriteBatchTextPS.hlsl" />
    <FxCompile Include="Shaders\MotionBlur\MotionBlurPS.hlsl" />
    <FxCompile Include="Shaders\Noise\RandNoiseCS.hlsl" />
    <FxCompile Include="Shaders\Bloom\BloomDownSamplePS.hlsl" />
    <FxCompile Include="Shaders\Bloom\BloomKarisAveragePS.hlsl" />
    <FxCompile Include="Shaders\FXAA\FXAA.hlsl" />
    <FxCompile Include="Shaders\FXAA\ColorToLuma.hlsl" />
  </ItemGroup>
  <ItemGroup>
    <None Include="Shaders\FXAA\FXAAHeader.hlsli" />
  </ItemGroup>
</Project>