<?xml version="1.0" encoding="utf-8"?>
<Project ToolsVersion="4.0" xmlns="http://schemas.microsoft.com/developer/msbuild/2003">
  <ItemGroup>
    <Filter Include="源文件">
      <UniqueIdentifier>{4FC737F1-C7A5-4376-A066-2A32D752A2FF}</UniqueIdentifier>
      <Extensions>cpp;c;cc;cxx;c++;cppm;ixx;def;odl;idl;hpj;bat;asm;asmx</Extensions>
    </Filter>
    <Filter Include="头文件">
      <UniqueIdentifier>{93995380-89BD-4b04-88EB-625FBE52EBFB}</UniqueIdentifier>
      <Extensions>h;hh;hpp;hxx;h++;hm;inl;inc;ipp;xsd</Extensions>
    </Filter>
    <Filter Include="资源文件">
      <UniqueIdentifier>{67DA6AB6-F800-4c08-8B7A-83BB121AAD01}</UniqueIdentifier>
      <Extensions>rc;ico;cur;bmp;dlg;rc2;rct;bin;rgs;gif;jpg;jpeg;jpe;resx;tiff;tif;png;wav;mfcribbon-ms</Extensions>
    </Filter>
  </ItemGroup>
  <ItemGroup>
    <ClCompile Include="main.cpp">
      <Filter>源文件</Filter>
    </ClCompile>
  </ItemGroup>
  <ItemGroup>
    <ClInclude Include="MyGame.h">
      <Filter>头文件</Filter>
    </ClInclude>
  </ItemGroup>
  <ItemGroup>
    <FxCompile Include="ModelVShader.hlsl" />
    <FxCompile Include="ModelPShader.hlsl" />
    <FxCompile Include="cubePShader.hlsl" />
    <FxCompile Include="BackgroundVShader.hlsl" />
    <FxCompile Include="BackgroundPShader.hlsl" />
    <FxCompile Include="IrradiancePShader.hlsl" />
    <FxCompile Include="PrefilterPShader0.hlsl" />
    <FxCompile Include="BRDFPShader.hlsl" />
    <FxCompile Include="PrefilterPShader1.hlsl" />
    <FxCompile Include="PrefilterPShader2.hlsl" />
    <FxCompile Include="PrefilterPShader3.hlsl" />
    <FxCompile Include="PrefilterPShader4.hlsl" />
  </ItemGroup>
</Project>